
Microsoft Visual Studio Solution File, Format Version 12.00
# Visual Studio Version 17
VisualStudioVersion = 17.7.34024.191
MinimumVisualStudioVersion = 10.0.40219.1
Project("{FAE04EC0-301F-11D3-BF4B-00C04F79EFBC}") = "CreateStack_UC1", "CreateStack_UC1.csproj", "{B7B7ED56-FED3-465C-910E-64ACA5A6FACE}"
EndProject
Global
	GlobalSection(SolutionConfigurationPlatforms) = preSolution
		Debug|Any CPU = Debug|Any CPU
		Release|Any CPU = Release|Any CPU
	EndGlobalSection
	GlobalSection(ProjectConfigurationPlatforms) = postSolution
		{B7B7ED56-FED3-465C-910E-64ACA5A6FACE}.Debug|Any CPU.ActiveCfg = Debug|Any CPU
		{B7B7ED56-FED3-465C-910E-64ACA5A6FACE}.Debug|Any CPU.Build.0 = Debug|Any CPU
		{B7B7ED56-FED3-465C-910E-64ACA5A6FACE}.Release|Any CPU.ActiveCfg = Release|Any CPU
		{B7B7ED56-FED3-465C-910E-64ACA5A6FACE}.Release|Any CPU.Build.0 = Release|Any CPU
	EndGlobalSection
	GlobalSection(SolutionProperties) = preSolution
		HideSolutionNode = FALSE
	EndGlobalSection
	GlobalSection(ExtensibilityGlobals) = postSolution
		SolutionGuid = {1F2DE565-D4D3-43C8-A22C-0A82419B11F6}
	EndGlobalSection
EndGlobal
